
Microsoft Visual Studio Solution File, Format Version 12.00
# Visual Studio Version 17
VisualStudioVersion = 17.14.36623.8
MinimumVisualStudioVersion = 10.0.40219.1
Project("{FAE04EC0-301F-11D3-BF4B-00C04F79EFBC}") = "task1", "task1\task1.csproj", "{45B02327-E828-400B-9517-975D9D0A6D05}"
EndProject
Project("{2150E333-8FDC-42A3-9474-1A3956D46DE8}") = "Solution Items", "Solution Items", "{8EC462FD-D22E-90A8-E5CE-7E832BA40C5D}"
	ProjectSection(SolutionItems) = preProject
		.gitignore = .gitignore
	EndProjectSection
EndProject
Project("{FAE04EC0-301F-11D3-BF4B-00C04F79EFBC}") = "task2", "task2\task2.csproj", "{64D516AB-8FB4-46CE-97F9-F348E433D5EB}"
EndProject
Project("{FAE04EC0-301F-11D3-BF4B-00C04F79EFBC}") = "task3", "task3\task3.csproj", "{99C850E1-669F-40E4-AFB1-683D13CB38E0}"
EndProject
Project("{FAE04EC0-301F-11D3-BF4B-00C04F79EFBC}") = "task4", "task4\task4.csproj", "{B5869804-A297-44A1-A95E-8C8E3A92B2D9}"
EndProject
Project("{FAE04EC0-301F-11D3-BF4B-00C04F79EFBC}") = "task5", "task5\task5.csproj", "{7900EAD1-BB06-4188-895B-CFDFBEEE7B40}"
EndProject
Project("{FAE04EC0-301F-11D3-BF4B-00C04F79EFBC}") = "task6", "task6\task6.csproj", "{D1824C88-3212-4B47-A207-C8A689A84575}"
EndProject
Global
	GlobalSection(SolutionConfigurationPlatforms) = preSolution
		Debug|Any CPU = Debug|Any CPU
		Release|Any CPU = Release|Any CPU
	EndGlobalSection
	GlobalSection(ProjectConfigurationPlatforms) = postSolution
		{45B02327-E828-400B-9517-975D9D0A6D05}.Debug|Any CPU.ActiveCfg = Debug|Any CPU
		{45B02327-E828-400B-9517-975D9D0A6D05}.Debug|Any CPU.Build.0 = Debug|Any CPU
		{45B02327-E828-400B-9517-975D9D0A6D05}.Release|Any CPU.ActiveCfg = Release|Any CPU
		{45B02327-E828-400B-9517-975D9D0A6D05}.Release|Any CPU.Build.0 = Release|Any CPU
		{64D516AB-8FB4-46CE-97F9-F348E433D5EB}.Debug|Any CPU.ActiveCfg = Debug|Any CPU
		{64D516AB-8FB4-46CE-97F9-F348E433D5EB}.Debug|Any CPU.Build.0 = Debug|Any CPU
		{64D516AB-8FB4-46CE-97F9-F348E433D5EB}.Release|Any CPU.ActiveCfg = Release|Any CPU
		{64D516AB-8FB4-46CE-97F9-F348E433D5EB}.Release|Any CPU.Build.0 = Release|Any CPU
		{99C850E1-669F-40E4-AFB1-683D13CB38E0}.Debug|Any CPU.ActiveCfg = Debug|Any CPU
		{99C850E1-669F-40E4-AFB1-683D13CB38E0}.Debug|Any CPU.Build.0 = Debug|Any CPU
		{99C850E1-669F-40E4-AFB1-683D13CB38E0}.Release|Any CPU.ActiveCfg = Release|Any CPU
		{99C850E1-669F-40E4-AFB1-683D13CB38E0}.Release|Any CPU.Build.0 = Release|Any CPU
		{B5869804-A297-44A1-A95E-8C8E3A92B2D9}.Debug|Any CPU.ActiveCfg = Debug|Any CPU
		{B5869804-A297-44A1-A95E-8C8E3A92B2D9}.Debug|Any CPU.Build.0 = Debug|Any CPU
		{B5869804-A297-44A1-A95E-8C8E3A92B2D9}.Release|Any CPU.ActiveCfg = Release|Any CPU
		{B5869804-A297-44A1-A95E-8C8E3A92B2D9}.Release|Any CPU.Build.0 = Release|Any CPU
		{7900EAD1-BB06-4188-895B-CFDFBEEE7B40}.Debug|Any CPU.ActiveCfg = Debug|Any CPU
		{7900EAD1-BB06-4188-895B-CFDFBEEE7B40}.Debug|Any CPU.Build.0 = Debug|Any CPU
		{7900EAD1-BB06-4188-895B-CFDFBEEE7B40}.Release|Any CPU.ActiveCfg = Release|Any CPU
		{7900EAD1-BB06-4188-895B-CFDFBEEE7B40}.Release|Any CPU.Build.0 = Release|Any CPU
		{D1824C88-3212-4B47-A207-C8A689A84575}.Debug|Any CPU.ActiveCfg = Debug|Any CPU
		{D1824C88-3212-4B47-A207-C8A689A84575}.Debug|Any CPU.Build.0 = Debug|Any CPU
		{D1824C88-3212-4B47-A207-C8A689A84575}.Release|Any CPU.ActiveCfg = Release|Any CPU
		{D1824C88-3212-4B47-A207-C8A689A84575}.Release|Any CPU.Build.0 = Release|Any CPU
	EndGlobalSection
	GlobalSection(SolutionProperties) = preSolution
		HideSolutionNode = FALSE
	EndGlobalSection
	GlobalSection(ExtensibilityGlobals) = postSolution
		SolutionGuid = {354D9B50-AE9F-4F12-AFF5-0D98A1E98852}
	EndGlobalSection
EndGlobal
